
Microsoft Visual Studio Solution File, Format Version 12.00
# Visual Studio Version 17
VisualStudioVersion = 17.9.34622.214
MinimumVisualStudioVersion = 10.0.40219.1
Project("{FAE04EC0-301F-11D3-BF4B-00C04F79EFBC}") = "GestorContactos.Server", "Server\GestorContactos.Server.csproj", "{8FFB4DA3-DCDF-4277-B320-F52BA292C2FE}"
EndProject
Project("{FAE04EC0-301F-11D3-BF4B-00C04F79EFBC}") = "GestorContactos.Client", "Client\GestorContactos.Client.csproj", "{D880DAA0-A2AC-4097-A4EB-EA00C8BB7A88}"
EndProject
Project("{FAE04EC0-301F-11D3-BF4B-00C04F79EFBC}") = "GestorContactos.Shared", "Shared\GestorContactos.Shared.csproj", "{C1D1BB3A-DC50-4EE1-8538-E0FDA3C5764B}"
EndProject
Project("{FAE04EC0-301F-11D3-BF4B-00C04F79EFBC}") = "GestorContactos.Contacts.Repositories", "..\GestorContactos.Contacts.Repositories\GestorContactos.Contacts.Repositories.csproj", "{A3291F41-AA30-4650-8ED8-7FF37EDA711C}"
EndProject
Global
	GlobalSection(SolutionConfigurationPlatforms) = preSolution
		Debug|Any CPU = Debug|Any CPU
		Release|Any CPU = Release|Any CPU
	EndGlobalSection
	GlobalSection(ProjectConfigurationPlatforms) = postSolution
		{8FFB4DA3-DCDF-4277-B320-F52BA292C2FE}.Debug|Any CPU.ActiveCfg = Debug|Any CPU
		{8FFB4DA3-DCDF-4277-B320-F52BA292C2FE}.Debug|Any CPU.Build.0 = Debug|Any CPU
		{8FFB4DA3-DCDF-4277-B320-F52BA292C2FE}.Release|Any CPU.ActiveCfg = Release|Any CPU
		{8FFB4DA3-DCDF-4277-B320-F52BA292C2FE}.Release|Any CPU.Build.0 = Release|Any CPU
		{D880DAA0-A2AC-4097-A4EB-EA00C8BB7A88}.Debug|Any CPU.ActiveCfg = Debug|Any CPU
		{D880DAA0-A2AC-4097-A4EB-EA00C8BB7A88}.Debug|Any CPU.Build.0 = Debug|Any CPU
		{D880DAA0-A2AC-4097-A4EB-EA00C8BB7A88}.Release|Any CPU.ActiveCfg = Release|Any CPU
		{D880DAA0-A2AC-4097-A4EB-EA00C8BB7A88}.Release|Any CPU.Build.0 = Release|Any CPU
		{C1D1BB3A-DC50-4EE1-8538-E0FDA3C5764B}.Debug|Any CPU.ActiveCfg = Debug|Any CPU
		{C1D1BB3A-DC50-4EE1-8538-E0FDA3C5764B}.Debug|Any CPU.Build.0 = Debug|Any CPU
		{C1D1BB3A-DC50-4EE1-8538-E0FDA3C5764B}.Release|Any CPU.ActiveCfg = Release|Any CPU
		{C1D1BB3A-DC50-4EE1-8538-E0FDA3C5764B}.Release|Any CPU.Build.0 = Release|Any CPU
		{A3291F41-AA30-4650-8ED8-7FF37EDA711C}.Debug|Any CPU.ActiveCfg = Debug|Any CPU
		{A3291F41-AA30-4650-8ED8-7FF37EDA711C}.Debug|Any CPU.Build.0 = Debug|Any CPU
		{A3291F41-AA30-4650-8ED8-7FF37EDA711C}.Release|Any CPU.ActiveCfg = Release|Any CPU
		{A3291F41-AA30-4650-8ED8-7FF37EDA711C}.Release|Any CPU.Build.0 = Release|Any CPU
	EndGlobalSection
	GlobalSection(SolutionProperties) = preSolution
		HideSolutionNode = FALSE
	EndGlobalSection
	GlobalSection(ExtensibilityGlobals) = postSolution
		SolutionGuid = {F0794C9D-D85B-48D2-9A60-F8DE9685A21B}
	EndGlobalSection
EndGlobal
